Microsoft Visual Studio Solution File, Format Version 11.00
# Visual Studio 2010
Project("{FAE04EC0-301F-11D3-BF4B-00C04F79EFBC}") = "Aurora", "Aurora\Application\Aurora.csproj", "{22BAA5DA-0000-0000-0000-000000000000}"
EndProject
Project("{FAE04EC0-301F-11D3-BF4B-00C04F79EFBC}") = "Aurora.AssetServer", "Aurora\Servers\AssetServer\Aurora.AssetServer.csproj", "{2368A9F5-0000-0000-0000-000000000000}"
EndProject
Project("{FAE04EC0-301F-11D3-BF4B-00C04F79EFBC}") = "Aurora.AvatarServer", "Aurora\Servers\AvatarServer\Aurora.AvatarServer.csproj", "{2CDFC3E2-0000-0000-0000-000000000000}"
EndProject
Project("{FAE04EC0-301F-11D3-BF4B-00C04F79EFBC}") = "Aurora.BotManager", "Aurora\BotManager\Aurora.BotManager.csproj", "{5625F534-0000-0000-0000-000000000000}"
EndProject
Project("{FAE04EC0-301F-11D3-BF4B-00C04F79EFBC}") = "Aurora.ClientStack", "Aurora\ClientStack\Aurora.ClientStack.csproj", "{8BF77ECF-0000-0000-0000-000000000000}"
EndProject
Project("{FAE04EC0-301F-11D3-BF4B-00C04F79EFBC}") = "Aurora.CoreApplicationPlugins", "Aurora\CoreApplicationPlugins\Aurora.CoreApplicationPlugins.csproj", "{9557CABF-0000-0000-0000-000000000000}"
EndProject
Project("{FAE04EC0-301F-11D3-BF4B-00C04F79EFBC}") = "Aurora.DataManager", "Aurora\DataManager\Aurora.DataManager.csproj", "{ADA39287-0000-0000-0000-000000000000}"
EndProject
Project("{FAE04EC0-301F-11D3-BF4B-00C04F79EFBC}") = "Aurora.DataManager.MySQL", "Aurora\DataManagerPlugins\MySQL\Aurora.DataManager.MySQL.csproj", "{D02D73DB-0000-0000-0000-000000000000}"
EndProject
Project("{FAE04EC0-301F-11D3-BF4B-00C04F79EFBC}") = "Aurora.DataManager.SQLite", "Aurora\DataManagerPlugins\SQLite\Aurora.DataManager.SQLite.csproj", "{ADDF313B-0000-0000-0000-000000000000}"
EndProject
Project("{FAE04EC0-301F-11D3-BF4B-00C04F79EFBC}") = "Aurora.Framework", "Aurora\Framework\Aurora.Framework.csproj", "{1154FC88-0000-0000-0000-000000000000}"
EndProject
Project("{FAE04EC0-301F-11D3-BF4B-00C04F79EFBC}") = "Aurora.GridServer", "Aurora\Servers\GridServer\Aurora.GridServer.csproj", "{C60A2BC1-0000-0000-0000-000000000000}"
EndProject
Project("{FAE04EC0-301F-11D3-BF4B-00C04F79EFBC}") = "Aurora.InventoryServer", "Aurora\Servers\InventoryServer\Aurora.InventoryServer.csproj", "{ACB9129B-0000-0000-0000-000000000000}"
EndProject
Project("{FAE04EC0-301F-11D3-BF4B-00C04F79EFBC}") = "Aurora.Modules", "Aurora\Modules\Aurora.Modules.csproj", "{F68FCB1D-0000-0000-0000-000000000000}"
EndProject
Project("{FAE04EC0-301F-11D3-BF4B-00C04F79EFBC}") = "Aurora.Physics.BasicPhysicsPlugin", "Aurora\Physics\BasicPhysicsPlugin\Aurora.Physics.BasicPhysicsPlugin.csproj", "{BAF9F579-0000-0000-0000-000000000000}"
EndProject
Project("{FAE04EC0-301F-11D3-BF4B-00C04F79EFBC}") = "Aurora.Physics.BulletSPlugin", "Aurora\Physics\BulletSPlugin\Aurora.Physics.BulletSPlugin.csproj", "{07D03A0D-0000-0000-0000-000000000000}"
EndProject
Project("{FAE04EC0-301F-11D3-BF4B-00C04F79EFBC}") = "Aurora.Physics.ConvexDecompositionDotNet", "Aurora\Physics\ConvexDecompositionDotNet\Aurora.Physics.ConvexDecompositionDotNet.csproj", "{EEDDDA41-0000-0000-0000-000000000000}"
EndProject
Project("{FAE04EC0-301F-11D3-BF4B-00C04F79EFBC}") = "Aurora.Physics.Meshing", "Aurora\Physics\Meshing\Aurora.Physics.Meshing.csproj", "{DE42AD90-0000-0000-0000-000000000000}"
EndProject
Project("{FAE04EC0-301F-11D3-BF4B-00C04F79EFBC}") = "Aurora.Physics.OpenDynamicsEngine", "Aurora\Physics\OpenDynamicsEngine\Aurora.Physics.OpenDynamicsEngine.csproj", "{4CDD612D-0000-0000-0000-000000000000}"
EndProject
Project("{FAE04EC0-301F-11D3-BF4B-00C04F79EFBC}") = "Aurora.Region", "Aurora\Region\Aurora.Region.csproj", "{079748DC-0000-0000-0000-000000000000}"
EndProject
Project("{FAE04EC0-301F-11D3-BF4B-00C04F79EFBC}") = "Aurora.ScriptEngine.DotNetEngine", "Aurora\DotNetEngine\Aurora.ScriptEngine.DotNetEngine.csproj", "{E98CB151-0000-0000-0000-000000000000}"
EndProject
Project("{FAE04EC0-301F-11D3-BF4B-00C04F79EFBC}") = "Aurora.Server", "Aurora\Server\Aurora.Server.csproj", "{1D6BA04D-0000-0000-0000-000000000000}"
EndProject
Project("{FAE04EC0-301F-11D3-BF4B-00C04F79EFBC}") = "Aurora.Services.DataService", "Aurora\Services\DataService\Aurora.Services.DataService.csproj", "{57A78AD5-0000-0000-0000-000000000000}"
EndProject
Project("{FAE04EC0-301F-11D3-BF4B-00C04F79EFBC}") = "Aurora.Services.GenericServices", "Aurora\Services\GenericServices\Aurora.Services.GenericServices.csproj", "{CD7BB26F-0000-0000-0000-000000000000}"
EndProject
Project("{FAE04EC0-301F-11D3-BF4B-00C04F79EFBC}") = "Aurora.Services.NoSQLServices", "Aurora\Services\NoSQLServices\Aurora.Services.NoSQLServices.csproj", "{9EE14F01-0000-0000-0000-000000000000}"
EndProject
Project("{FAE04EC0-301F-11D3-BF4B-00C04F79EFBC}") = "Aurora.Services.SQLServices", "Aurora\Services\SQLServices\Aurora.Services.SQLServices.csproj", "{687CF31A-0000-0000-0000-000000000000}"
EndProject
Project("{FAE04EC0-301F-11D3-BF4B-00C04F79EFBC}") = "Aurora.Simulation.Base", "Aurora\Simulation\Base\Aurora.Simulation.Base.csproj", "{8AC0B552-0000-0000-0000-000000000000}"
EndProject
Project("{FAE04EC0-301F-11D3-BF4B-00C04F79EFBC}") = "Aurora.WebServer", "Aurora\WebServer\Aurora.WebServer.csproj", "{06E01FDD-0000-0000-0000-000000000000}"
EndProject
Global
	GlobalSection(SolutionConfigurationPlatforms) = preSolution
		Debug|x86 = Debug|x86
		Debug|Any CPU = Debug|Any CPU
		Debug|x64 = Debug|x64
		Release|x86 = Release|x86
		Release|Any CPU = Release|Any CPU
		Release|x64 = Release|x64
	EndGlobalSection
	GlobalSection(ProjectConfigurationPlatforms) = postSolution
		{22BAA5DA-0000-0000-0000-000000000000}.Debug|x86.ActiveCfg = Debug|x86
		{22BAA5DA-0000-0000-0000-000000000000}.Debug|x86.Build.0 = Debug|x86
		{22BAA5DA-0000-0000-0000-000000000000}.Debug|Any CPU.ActiveCfg = Debug|Any CPU
		{22BAA5DA-0000-0000-0000-000000000000}.Debug|Any CPU.Build.0 = Debug|Any CPU
		{22BAA5DA-0000-0000-0000-000000000000}.Debug|x64.ActiveCfg = Debug|x64
		{22BAA5DA-0000-0000-0000-000000000000}.Debug|x64.Build.0 = Debug|x64
		{22BAA5DA-0000-0000-0000-000000000000}.Release|x86.ActiveCfg = Release|x86
		{22BAA5DA-0000-0000-0000-000000000000}.Release|x86.Build.0 = Release|x86
		{22BAA5DA-0000-0000-0000-000000000000}.Release|Any CPU.ActiveCfg = Release|Any CPU
		{22BAA5DA-0000-0000-0000-000000000000}.Release|Any CPU.Build.0 = Release|Any CPU
		{22BAA5DA-0000-0000-0000-000000000000}.Release|x64.ActiveCfg = Release|x64
		{22BAA5DA-0000-0000-0000-000000000000}.Release|x64.Build.0 = Release|x64
		{2368A9F5-0000-0000-0000-000000000000}.Debug|x86.ActiveCfg = Debug|x86
		{2368A9F5-0000-0000-0000-000000000000}.Debug|x86.Build.0 = Debug|x86
		{2368A9F5-0000-0000-0000-000000000000}.Debug|Any CPU.ActiveCfg = Debug|Any CPU
		{2368A9F5-0000-0000-0000-000000000000}.Debug|Any CPU.Build.0 = Debug|Any CPU
		{2368A9F5-0000-0000-0000-000000000000}.Debug|x64.ActiveCfg = Debug|x64
		{2368A9F5-0000-0000-0000-000000000000}.Debug|x64.Build.0 = Debug|x64
		{2368A9F5-0000-0000-0000-000000000000}.Release|x86.ActiveCfg = Release|x86
		{2368A9F5-0000-0000-0000-000000000000}.Release|x86.Build.0 = Release|x86
		{2368A9F5-0000-0000-0000-000000000000}.Release|Any CPU.ActiveCfg = Release|Any CPU
		{2368A9F5-0000-0000-0000-000000000000}.Release|Any CPU.Build.0 = Release|Any CPU
		{2368A9F5-0000-0000-0000-000000000000}.Release|x64.ActiveCfg = Release|x64
		{2368A9F5-0000-0000-0000-000000000000}.Release|x64.Build.0 = Release|x64
		{2CDFC3E2-0000-0000-0000-000000000000}.Debug|x86.ActiveCfg = Debug|x86
		{2CDFC3E2-0000-0000-0000-000000000000}.Debug|x86.Build.0 = Debug|x86
		{2CDFC3E2-0000-0000-0000-000000000000}.Debug|Any CPU.ActiveCfg = Debug|Any CPU
		{2CDFC3E2-0000-0000-0000-000000000000}.Debug|Any CPU.Build.0 = Debug|Any CPU
		{2CDFC3E2-0000-0000-0000-000000000000}.Debug|x64.ActiveCfg = Debug|x64
		{2CDFC3E2-0000-0000-0000-000000000000}.Debug|x64.Build.0 = Debug|x64
		{2CDFC3E2-0000-0000-0000-000000000000}.Release|x86.ActiveCfg = Release|x86
		{2CDFC3E2-0000-0000-0000-000000000000}.Release|x86.Build.0 = Release|x86
		{2CDFC3E2-0000-0000-0000-000000000000}.Release|Any CPU.ActiveCfg = Release|Any CPU
		{2CDFC3E2-0000-0000-0000-000000000000}.Release|Any CPU.Build.0 = Release|Any CPU
		{2CDFC3E2-0000-0000-0000-000000000000}.Release|x64.ActiveCfg = Release|x64
		{2CDFC3E2-0000-0000-0000-000000000000}.Release|x64.Build.0 = Release|x64
		{5625F534-0000-0000-0000-000000000000}.Debug|x86.ActiveCfg = Debug|x86
		{5625F534-0000-0000-0000-000000000000}.Debug|x86.Build.0 = Debug|x86
		{5625F534-0000-0000-0000-000000000000}.Debug|Any CPU.ActiveCfg = Debug|Any CPU
		{5625F534-0000-0000-0000-000000000000}.Debug|Any CPU.Build.0 = Debug|Any CPU
		{5625F534-0000-0000-0000-000000000000}.Debug|x64.ActiveCfg = Debug|x64
		{5625F534-0000-0000-0000-000000000000}.Debug|x64.Build.0 = Debug|x64
		{5625F534-0000-0000-0000-000000000000}.Release|x86.ActiveCfg = Release|x86
		{5625F534-0000-0000-0000-000000000000}.Release|x86.Build.0 = Release|x86
		{5625F534-0000-0000-0000-000000000000}.Release|Any CPU.ActiveCfg = Release|Any CPU
		{5625F534-0000-0000-0000-000000000000}.Release|Any CPU.Build.0 = Release|Any CPU
		{5625F534-0000-0000-0000-000000000000}.Release|x64.ActiveCfg = Release|x64
		{5625F534-0000-0000-0000-000000000000}.Release|x64.Build.0 = Release|x64
		{8BF77ECF-0000-0000-0000-000000000000}.Debug|x86.ActiveCfg = Debug|x86
		{8BF77ECF-0000-0000-0000-000000000000}.Debug|x86.Build.0 = Debug|x86
		{8BF77ECF-0000-0000-0000-000000000000}.Debug|Any CPU.ActiveCfg = Debug|Any CPU
		{8BF77ECF-0000-0000-0000-000000000000}.Debug|Any CPU.Build.0 = Debug|Any CPU
		{8BF77ECF-0000-0000-0000-000000000000}.Debug|x64.ActiveCfg = Debug|x64
		{8BF77ECF-0000-0000-0000-000000000000}.Debug|x64.Build.0 = Debug|x64
		{8BF77ECF-0000-0000-0000-000000000000}.Release|x86.ActiveCfg = Release|x86
		{8BF77ECF-0000-0000-0000-000000000000}.Release|x86.Build.0 = Release|x86
		{8BF77ECF-0000-0000-0000-000000000000}.Release|Any CPU.ActiveCfg = Release|Any CPU
		{8BF77ECF-0000-0000-0000-000000000000}.Release|Any CPU.Build.0 = Release|Any CPU
		{8BF77ECF-0000-0000-0000-000000000000}.Release|x64.ActiveCfg = Release|x64
		{8BF77ECF-0000-0000-0000-000000000000}.Release|x64.Build.0 = Release|x64
		{9557CABF-0000-0000-0000-000000000000}.Debug|x86.ActiveCfg = Debug|x86
		{9557CABF-0000-0000-0000-000000000000}.Debug|x86.Build.0 = Debug|x86
		{9557CABF-0000-0000-0000-000000000000}.Debug|Any CPU.ActiveCfg = Debug|Any CPU
		{9557CABF-0000-0000-0000-000000000000}.Debug|Any CPU.Build.0 = Debug|Any CPU
		{9557CABF-0000-0000-0000-000000000000}.Debug|x64.ActiveCfg = Debug|x64
		{9557CABF-0000-0000-0000-000000000000}.Debug|x64.Build.0 = Debug|x64
		{9557CABF-0000-0000-0000-000000000000}.Release|x86.ActiveCfg = Release|x86
		{9557CABF-0000-0000-0000-000000000000}.Release|x86.Build.0 = Release|x86
		{9557CABF-0000-0000-0000-000000000000}.Release|Any CPU.ActiveCfg = Release|Any CPU
		{9557CABF-0000-0000-0000-000000000000}.Release|Any CPU.Build.0 = Release|Any CPU
		{9557CABF-0000-0000-0000-000000000000}.Release|x64.ActiveCfg = Release|x64
		{9557CABF-0000-0000-0000-000000000000}.Release|x64.Build.0 = Release|x64
		{ADA39287-0000-0000-0000-000000000000}.Debug|x86.ActiveCfg = Debug|x86
		{ADA39287-0000-0000-0000-000000000000}.Debug|x86.Build.0 = Debug|x86
		{ADA39287-0000-0000-0000-000000000000}.Debug|Any CPU.ActiveCfg = Debug|Any CPU
		{ADA39287-0000-0000-0000-000000000000}.Debug|Any CPU.Build.0 = Debug|Any CPU
		{ADA39287-0000-0000-0000-000000000000}.Debug|x64.ActiveCfg = Debug|x64
		{ADA39287-0000-0000-0000-000000000000}.Debug|x64.Build.0 = Debug|x64
		{ADA39287-0000-0000-0000-000000000000}.Release|x86.ActiveCfg = Release|x86
		{ADA39287-0000-0000-0000-000000000000}.Release|x86.Build.0 = Release|x86
		{ADA39287-0000-0000-0000-000000000000}.Release|Any CPU.ActiveCfg = Release|Any CPU
		{ADA39287-0000-0000-0000-000000000000}.Release|Any CPU.Build.0 = Release|Any CPU
		{ADA39287-0000-0000-0000-000000000000}.Release|x64.ActiveCfg = Release|x64
		{ADA39287-0000-0000-0000-000000000000}.Release|x64.Build.0 = Release|x64
		{D02D73DB-0000-0000-0000-000000000000}.Debug|x86.ActiveCfg = Debug|x86
		{D02D73DB-0000-0000-0000-000000000000}.Debug|x86.Build.0 = Debug|x86
		{D02D73DB-0000-0000-0000-000000000000}.Debug|Any CPU.ActiveCfg = Debug|Any CPU
		{D02D73DB-0000-0000-0000-000000000000}.Debug|Any CPU.Build.0 = Debug|Any CPU
		{D02D73DB-0000-0000-0000-000000000000}.Debug|x64.ActiveCfg = Debug|x64
		{D02D73DB-0000-0000-0000-000000000000}.Debug|x64.Build.0 = Debug|x64
		{D02D73DB-0000-0000-0000-000000000000}.Release|x86.ActiveCfg = Release|x86
		{D02D73DB-0000-0000-0000-000000000000}.Release|x86.Build.0 = Release|x86
		{D02D73DB-0000-0000-0000-000000000000}.Release|Any CPU.ActiveCfg = Release|Any CPU
		{D02D73DB-0000-0000-0000-000000000000}.Release|Any CPU.Build.0 = Release|Any CPU
		{D02D73DB-0000-0000-0000-000000000000}.Release|x64.ActiveCfg = Release|x64
		{D02D73DB-0000-0000-0000-000000000000}.Release|x64.Build.0 = Release|x64
		{ADDF313B-0000-0000-0000-000000000000}.Debug|x86.ActiveCfg = Debug|x86
		{ADDF313B-0000-0000-0000-000000000000}.Debug|x86.Build.0 = Debug|x86
		{ADDF313B-0000-0000-0000-000000000000}.Debug|Any CPU.ActiveCfg = Debug|Any CPU
		{ADDF313B-0000-0000-0000-000000000000}.Debug|Any CPU.Build.0 = Debug|Any CPU
		{ADDF313B-0000-0000-0000-000000000000}.Debug|x64.ActiveCfg = Debug|x64
		{ADDF313B-0000-0000-0000-000000000000}.Debug|x64.Build.0 = Debug|x64
		{ADDF313B-0000-0000-0000-000000000000}.Release|x86.ActiveCfg = Release|x86
		{ADDF313B-0000-0000-0000-000000000000}.Release|x86.Build.0 = Release|x86
		{ADDF313B-0000-0000-0000-000000000000}.Release|Any CPU.ActiveCfg = Release|Any CPU
		{ADDF313B-0000-0000-0000-000000000000}.Release|Any CPU.Build.0 = Release|Any CPU
		{ADDF313B-0000-0000-0000-000000000000}.Release|x64.ActiveCfg = Release|x64
		{ADDF313B-0000-0000-0000-000000000000}.Release|x64.Build.0 = Release|x64
		{1154FC88-0000-0000-0000-000000000000}.Debug|x86.ActiveCfg = Debug|x86
		{1154FC88-0000-0000-0000-000000000000}.Debug|x86.Build.0 = Debug|x86
		{1154FC88-0000-0000-0000-000000000000}.Debug|Any CPU.ActiveCfg = Debug|Any CPU
		{1154FC88-0000-0000-0000-000000000000}.Debug|Any CPU.Build.0 = Debug|Any CPU
		{1154FC88-0000-0000-0000-000000000000}.Debug|x64.ActiveCfg = Debug|x64
		{1154FC88-0000-0000-0000-000000000000}.Debug|x64.Build.0 = Debug|x64
		{1154FC88-0000-0000-0000-000000000000}.Release|x86.ActiveCfg = Release|x86
		{1154FC88-0000-0000-0000-000000000000}.Release|x86.Build.0 = Release|x86
		{1154FC88-0000-0000-0000-000000000000}.Release|Any CPU.ActiveCfg = Release|Any CPU
		{1154FC88-0000-0000-0000-000000000000}.Release|Any CPU.Build.0 = Release|Any CPU
		{1154FC88-0000-0000-0000-000000000000}.Release|x64.ActiveCfg = Release|x64
		{1154FC88-0000-0000-0000-000000000000}.Release|x64.Build.0 = Release|x64
		{C60A2BC1-0000-0000-0000-000000000000}.Debug|x86.ActiveCfg = Debug|x86
		{C60A2BC1-0000-0000-0000-000000000000}.Debug|x86.Build.0 = Debug|x86
		{C60A2BC1-0000-0000-0000-000000000000}.Debug|Any CPU.ActiveCfg = Debug|Any CPU
		{C60A2BC1-0000-0000-0000-000000000000}.Debug|Any CPU.Build.0 = Debug|Any CPU
		{C60A2BC1-0000-0000-0000-000000000000}.Debug|x64.ActiveCfg = Debug|x64
		{C60A2BC1-0000-0000-0000-000000000000}.Debug|x64.Build.0 = Debug|x64
		{C60A2BC1-0000-0000-0000-000000000000}.Release|x86.ActiveCfg = Release|x86
		{C60A2BC1-0000-0000-0000-000000000000}.Release|x86.Build.0 = Release|x86
		{C60A2BC1-0000-0000-0000-000000000000}.Release|Any CPU.ActiveCfg = Release|Any CPU
		{C60A2BC1-0000-0000-0000-000000000000}.Release|Any CPU.Build.0 = Release|Any CPU
		{C60A2BC1-0000-0000-0000-000000000000}.Release|x64.ActiveCfg = Release|x64
		{C60A2BC1-0000-0000-0000-000000000000}.Release|x64.Build.0 = Release|x64
		{ACB9129B-0000-0000-0000-000000000000}.Debug|x86.ActiveCfg = Debug|x86
		{ACB9129B-0000-0000-0000-000000000000}.Debug|x86.Build.0 = Debug|x86
		{ACB9129B-0000-0000-0000-000000000000}.Debug|Any CPU.ActiveCfg = Debug|Any CPU
		{ACB9129B-0000-0000-0000-000000000000}.Debug|Any CPU.Build.0 = Debug|Any CPU
		{ACB9129B-0000-0000-0000-000000000000}.Debug|x64.ActiveCfg = Debug|x64
		{ACB9129B-0000-0000-0000-000000000000}.Debug|x64.Build.0 = Debug|x64
		{ACB9129B-0000-0000-0000-000000000000}.Release|x86.ActiveCfg = Release|x86
		{ACB9129B-0000-0000-0000-000000000000}.Release|x86.Build.0 = Release|x86
		{ACB9129B-0000-0000-0000-000000000000}.Release|Any CPU.ActiveCfg = Release|Any CPU
		{ACB9129B-0000-0000-0000-000000000000}.Release|Any CPU.Build.0 = Release|Any CPU
		{ACB9129B-0000-0000-0000-000000000000}.Release|x64.ActiveCfg = Release|x64
		{ACB9129B-0000-0000-0000-000000000000}.Release|x64.Build.0 = Release|x64
		{F68FCB1D-0000-0000-0000-000000000000}.Debug|x86.ActiveCfg = Debug|x86
		{F68FCB1D-0000-0000-0000-000000000000}.Debug|x86.Build.0 = Debug|x86
		{F68FCB1D-0000-0000-0000-000000000000}.Debug|Any CPU.ActiveCfg = Debug|Any CPU
		{F68FCB1D-0000-0000-0000-000000000000}.Debug|Any CPU.Build.0 = Debug|Any CPU
		{F68FCB1D-0000-0000-0000-000000000000}.Debug|x64.ActiveCfg = Debug|x64
		{F68FCB1D-0000-0000-0000-000000000000}.Debug|x64.Build.0 = Debug|x64
		{F68FCB1D-0000-0000-0000-000000000000}.Release|x86.ActiveCfg = Release|x86
		{F68FCB1D-0000-0000-0000-000000000000}.Release|x86.Build.0 = Release|x86
		{F68FCB1D-0000-0000-0000-000000000000}.Release|Any CPU.ActiveCfg = Release|Any CPU
		{F68FCB1D-0000-0000-0000-000000000000}.Release|Any CPU.Build.0 = Release|Any CPU
		{F68FCB1D-0000-0000-0000-000000000000}.Release|x64.ActiveCfg = Release|x64
		{F68FCB1D-0000-0000-0000-000000000000}.Release|x64.Build.0 = Release|x64
		{BAF9F579-0000-0000-0000-000000000000}.Debug|x86.ActiveCfg = Debug|x86
		{BAF9F579-0000-0000-0000-000000000000}.Debug|x86.Build.0 = Debug|x86
		{BAF9F579-0000-0000-0000-000000000000}.Debug|Any CPU.ActiveCfg = Debug|Any CPU
		{BAF9F579-0000-0000-0000-000000000000}.Debug|Any CPU.Build.0 = Debug|Any CPU
		{BAF9F579-0000-0000-0000-000000000000}.Debug|x64.ActiveCfg = Debug|x64
		{BAF9F579-0000-0000-0000-000000000000}.Debug|x64.Build.0 = Debug|x64
		{BAF9F579-0000-0000-0000-000000000000}.Release|x86.ActiveCfg = Release|x86
		{BAF9F579-0000-0000-0000-000000000000}.Release|x86.Build.0 = Release|x86
		{BAF9F579-0000-0000-0000-000000000000}.Release|Any CPU.ActiveCfg = Release|Any CPU
		{BAF9F579-0000-0000-0000-000000000000}.Release|Any CPU.Build.0 = Release|Any CPU
		{BAF9F579-0000-0000-0000-000000000000}.Release|x64.ActiveCfg = Release|x64
		{BAF9F579-0000-0000-0000-000000000000}.Release|x64.Build.0 = Release|x64
		{07D03A0D-0000-0000-0000-000000000000}.Debug|x86.ActiveCfg = Debug|x86
		{07D03A0D-0000-0000-0000-000000000000}.Debug|x86.Build.0 = Debug|x86
		{07D03A0D-0000-0000-0000-000000000000}.Debug|Any CPU.ActiveCfg = Debug|Any CPU
		{07D03A0D-0000-0000-0000-000000000000}.Debug|Any CPU.Build.0 = Debug|Any CPU
		{07D03A0D-0000-0000-0000-000000000000}.Debug|x64.ActiveCfg = Debug|x64
		{07D03A0D-0000-0000-0000-000000000000}.Debug|x64.Build.0 = Debug|x64
		{07D03A0D-0000-0000-0000-000000000000}.Release|x86.ActiveCfg = Release|x86
		{07D03A0D-0000-0000-0000-000000000000}.Release|x86.Build.0 = Release|x86
		{07D03A0D-0000-0000-0000-000000000000}.Release|Any CPU.ActiveCfg = Release|Any CPU
		{07D03A0D-0000-0000-0000-000000000000}.Release|Any CPU.Build.0 = Release|Any CPU
		{07D03A0D-0000-0000-0000-000000000000}.Release|x64.ActiveCfg = Release|x64
		{07D03A0D-0000-0000-0000-000000000000}.Release|x64.Build.0 = Release|x64
		{EEDDDA41-0000-0000-0000-000000000000}.Debug|x86.ActiveCfg = Debug|x86
		{EEDDDA41-0000-0000-0000-000000000000}.Debug|x86.Build.0 = Debug|x86
		{EEDDDA41-0000-0000-0000-000000000000}.Debug|Any CPU.ActiveCfg = Debug|Any CPU
		{EEDDDA41-0000-0000-0000-000000000000}.Debug|Any CPU.Build.0 = Debug|Any CPU
		{EEDDDA41-0000-0000-0000-000000000000}.Debug|x64.ActiveCfg = Debug|x64
		{EEDDDA41-0000-0000-0000-000000000000}.Debug|x64.Build.0 = Debug|x64
		{EEDDDA41-0000-0000-0000-000000000000}.Release|x86.ActiveCfg = Release|x86
		{EEDDDA41-0000-0000-0000-000000000000}.Release|x86.Build.0 = Release|x86
		{EEDDDA41-0000-0000-0000-000000000000}.Release|Any CPU.ActiveCfg = Release|Any CPU
		{EEDDDA41-0000-0000-0000-000000000000}.Release|Any CPU.Build.0 = Release|Any CPU
		{EEDDDA41-0000-0000-0000-000000000000}.Release|x64.ActiveCfg = Release|x64
		{EEDDDA41-0000-0000-0000-000000000000}.Release|x64.Build.0 = Release|x64
		{DE42AD90-0000-0000-0000-000000000000}.Debug|x86.ActiveCfg = Debug|x86
		{DE42AD90-0000-0000-0000-000000000000}.Debug|x86.Build.0 = Debug|x86
		{DE42AD90-0000-0000-0000-000000000000}.Debug|Any CPU.ActiveCfg = Debug|Any CPU
		{DE42AD90-0000-0000-0000-000000000000}.Debug|Any CPU.Build.0 = Debug|Any CPU
		{DE42AD90-0000-0000-0000-000000000000}.Debug|x64.ActiveCfg = Debug|x64
		{DE42AD90-0000-0000-0000-000000000000}.Debug|x64.Build.0 = Debug|x64
		{DE42AD90-0000-0000-0000-000000000000}.Release|x86.ActiveCfg = Release|x86
		{DE42AD90-0000-0000-0000-000000000000}.Release|x86.Build.0 = Release|x86
		{DE42AD90-0000-0000-0000-000000000000}.Release|Any CPU.ActiveCfg = Release|Any CPU
		{DE42AD90-0000-0000-0000-000000000000}.Release|Any CPU.Build.0 = Release|Any CPU
		{DE42AD90-0000-0000-0000-000000000000}.Release|x64.ActiveCfg = Release|x64
		{DE42AD90-0000-0000-0000-000000000000}.Release|x64.Build.0 = Release|x64
		{4CDD612D-0000-0000-0000-000000000000}.Debug|x86.ActiveCfg = Debug|x86
		{4CDD612D-0000-0000-0000-000000000000}.Debug|x86.Build.0 = Debug|x86
		{4CDD612D-0000-0000-0000-000000000000}.Debug|Any CPU.ActiveCfg = Debug|Any CPU
		{4CDD612D-0000-0000-0000-000000000000}.Debug|Any CPU.Build.0 = Debug|Any CPU
		{4CDD612D-0000-0000-0000-000000000000}.Debug|x64.ActiveCfg = Debug|x64
		{4CDD612D-0000-0000-0000-000000000000}.Debug|x64.Build.0 = Debug|x64
		{4CDD612D-0000-0000-0000-000000000000}.Release|x86.ActiveCfg = Release|x86
		{4CDD612D-0000-0000-0000-000000000000}.Release|x86.Build.0 = Release|x86
		{4CDD612D-0000-0000-0000-000000000000}.Release|Any CPU.ActiveCfg = Release|Any CPU
		{4CDD612D-0000-0000-0000-000000000000}.Release|Any CPU.Build.0 = Release|Any CPU
		{4CDD612D-0000-0000-0000-000000000000}.Release|x64.ActiveCfg = Release|x64
		{4CDD612D-0000-0000-0000-000000000000}.Release|x64.Build.0 = Release|x64
		{079748DC-0000-0000-0000-000000000000}.Debug|x86.ActiveCfg = Debug|x86
		{079748DC-0000-0000-0000-000000000000}.Debug|x86.Build.0 = Debug|x86
		{079748DC-0000-0000-0000-000000000000}.Debug|Any CPU.ActiveCfg = Debug|Any CPU
		{079748DC-0000-0000-0000-000000000000}.Debug|Any CPU.Build.0 = Debug|Any CPU
		{079748DC-0000-0000-0000-000000000000}.Debug|x64.ActiveCfg = Debug|x64
		{079748DC-0000-0000-0000-000000000000}.Debug|x64.Build.0 = Debug|x64
		{079748DC-0000-0000-0000-000000000000}.Release|x86.ActiveCfg = Release|x86
		{079748DC-0000-0000-0000-000000000000}.Release|x86.Build.0 = Release|x86
		{079748DC-0000-0000-0000-000000000000}.Release|Any CPU.ActiveCfg = Release|Any CPU
		{079748DC-0000-0000-0000-000000000000}.Release|Any CPU.Build.0 = Release|Any CPU
		{079748DC-0000-0000-0000-000000000000}.Release|x64.ActiveCfg = Release|x64
		{079748DC-0000-0000-0000-000000000000}.Release|x64.Build.0 = Release|x64
		{E98CB151-0000-0000-0000-000000000000}.Debug|x86.ActiveCfg = Debug|x86
		{E98CB151-0000-0000-0000-000000000000}.Debug|x86.Build.0 = Debug|x86
		{E98CB151-0000-0000-0000-000000000000}.Debug|Any CPU.ActiveCfg = Debug|Any CPU
		{E98CB151-0000-0000-0000-000000000000}.Debug|Any CPU.Build.0 = Debug|Any CPU
		{E98CB151-0000-0000-0000-000000000000}.Debug|x64.ActiveCfg = Debug|x64
		{E98CB151-0000-0000-0000-000000000000}.Debug|x64.Build.0 = Debug|x64
		{E98CB151-0000-0000-0000-000000000000}.Release|x86.ActiveCfg = Release|x86
		{E98CB151-0000-0000-0000-000000000000}.Release|x86.Build.0 = Release|x86
		{E98CB151-0000-0000-0000-000000000000}.Release|Any CPU.ActiveCfg = Release|Any CPU
		{E98CB151-0000-0000-0000-000000000000}.Release|Any CPU.Build.0 = Release|Any CPU
		{E98CB151-0000-0000-0000-000000000000}.Release|x64.ActiveCfg = Release|x64
		{E98CB151-0000-0000-0000-000000000000}.Release|x64.Build.0 = Release|x64
		{1D6BA04D-0000-0000-0000-000000000000}.Debug|x86.ActiveCfg = Debug|x86
		{1D6BA04D-0000-0000-0000-000000000000}.Debug|x86.Build.0 = Debug|x86
		{1D6BA04D-0000-0000-0000-000000000000}.Debug|Any CPU.ActiveCfg = Debug|Any CPU
		{1D6BA04D-0000-0000-0000-000000000000}.Debug|Any CPU.Build.0 = Debug|Any CPU
		{1D6BA04D-0000-0000-0000-000000000000}.Debug|x64.ActiveCfg = Debug|x64
		{1D6BA04D-0000-0000-0000-000000000000}.Debug|x64.Build.0 = Debug|x64
		{1D6BA04D-0000-0000-0000-000000000000}.Release|x86.ActiveCfg = Release|x86
		{1D6BA04D-0000-0000-0000-000000000000}.Release|x86.Build.0 = Release|x86
		{1D6BA04D-0000-0000-0000-000000000000}.Release|Any CPU.ActiveCfg = Release|Any CPU
		{1D6BA04D-0000-0000-0000-000000000000}.Release|Any CPU.Build.0 = Release|Any CPU
		{1D6BA04D-0000-0000-0000-000000000000}.Release|x64.ActiveCfg = Release|x64
		{1D6BA04D-0000-0000-0000-000000000000}.Release|x64.Build.0 = Release|x64
		{57A78AD5-0000-0000-0000-000000000000}.Debug|x86.ActiveCfg = Debug|x86
		{57A78AD5-0000-0000-0000-000000000000}.Debug|x86.Build.0 = Debug|x86
		{57A78AD5-0000-0000-0000-000000000000}.Debug|Any CPU.ActiveCfg = Debug|Any CPU
		{57A78AD5-0000-0000-0000-000000000000}.Debug|Any CPU.Build.0 = Debug|Any CPU
		{57A78AD5-0000-0000-0000-000000000000}.Debug|x64.ActiveCfg = Debug|x64
		{57A78AD5-0000-0000-0000-000000000000}.Debug|x64.Build.0 = Debug|x64
		{57A78AD5-0000-0000-0000-000000000000}.Release|x86.ActiveCfg = Release|x86
		{57A78AD5-0000-0000-0000-000000000000}.Release|x86.Build.0 = Release|x86
		{57A78AD5-0000-0000-0000-000000000000}.Release|Any CPU.ActiveCfg = Release|Any CPU
		{57A78AD5-0000-0000-0000-000000000000}.Release|Any CPU.Build.0 = Release|Any CPU
		{57A78AD5-0000-0000-0000-000000000000}.Release|x64.ActiveCfg = Release|x64
		{57A78AD5-0000-0000-0000-000000000000}.Release|x64.Build.0 = Release|x64
		{CD7BB26F-0000-0000-0000-000000000000}.Debug|x86.ActiveCfg = Debug|x86
		{CD7BB26F-0000-0000-0000-000000000000}.Debug|x86.Build.0 = Debug|x86
		{CD7BB26F-0000-0000-0000-000000000000}.Debug|Any CPU.ActiveCfg = Debug|Any CPU
		{CD7BB26F-0000-0000-0000-000000000000}.Debug|Any CPU.Build.0 = Debug|Any CPU
		{CD7BB26F-0000-0000-0000-000000000000}.Debug|x64.ActiveCfg = Debug|x64
		{CD7BB26F-0000-0000-0000-000000000000}.Debug|x64.Build.0 = Debug|x64
		{CD7BB26F-0000-0000-0000-000000000000}.Release|x86.ActiveCfg = Release|x86
		{CD7BB26F-0000-0000-0000-000000000000}.Release|x86.Build.0 = Release|x86
		{CD7BB26F-0000-0000-0000-000000000000}.Release|Any CPU.ActiveCfg = Release|Any CPU
		{CD7BB26F-0000-0000-0000-000000000000}.Release|Any CPU.Build.0 = Release|Any CPU
		{CD7BB26F-0000-0000-0000-000000000000}.Release|x64.ActiveCfg = Release|x64
		{CD7BB26F-0000-0000-0000-000000000000}.Release|x64.Build.0 = Release|x64
		{9EE14F01-0000-0000-0000-000000000000}.Debug|x86.ActiveCfg = Debug|x86
		{9EE14F01-0000-0000-0000-000000000000}.Debug|x86.Build.0 = Debug|x86
		{9EE14F01-0000-0000-0000-000000000000}.Debug|Any CPU.ActiveCfg = Debug|Any CPU
		{9EE14F01-0000-0000-0000-000000000000}.Debug|Any CPU.Build.0 = Debug|Any CPU
		{9EE14F01-0000-0000-0000-000000000000}.Debug|x64.ActiveCfg = Debug|x64
		{9EE14F01-0000-0000-0000-000000000000}.Debug|x64.Build.0 = Debug|x64
		{9EE14F01-0000-0000-0000-000000000000}.Release|x86.ActiveCfg = Release|x86
		{9EE14F01-0000-0000-0000-000000000000}.Release|x86.Build.0 = Release|x86
		{9EE14F01-0000-0000-0000-000000000000}.Release|Any CPU.ActiveCfg = Release|Any CPU
		{9EE14F01-0000-0000-0000-000000000000}.Release|Any CPU.Build.0 = Release|Any CPU
		{9EE14F01-0000-0000-0000-000000000000}.Release|x64.ActiveCfg = Release|x64
		{9EE14F01-0000-0000-0000-000000000000}.Release|x64.Build.0 = Release|x64
		{687CF31A-0000-0000-0000-000000000000}.Debug|x86.ActiveCfg = Debug|x86
		{687CF31A-0000-0000-0000-000000000000}.Debug|x86.Build.0 = Debug|x86
		{687CF31A-0000-0000-0000-000000000000}.Debug|Any CPU.ActiveCfg = Debug|Any CPU
		{687CF31A-0000-0000-0000-000000000000}.Debug|Any CPU.Build.0 = Debug|Any CPU
		{687CF31A-0000-0000-0000-000000000000}.Debug|x64.ActiveCfg = Debug|x64
		{687CF31A-0000-0000-0000-000000000000}.Debug|x64.Build.0 = Debug|x64
		{687CF31A-0000-0000-0000-000000000000}.Release|x86.ActiveCfg = Release|x86
		{687CF31A-0000-0000-0000-000000000000}.Release|x86.Build.0 = Release|x86
		{687CF31A-0000-0000-0000-000000000000}.Release|Any CPU.ActiveCfg = Release|Any CPU
		{687CF31A-0000-0000-0000-000000000000}.Release|Any CPU.Build.0 = Release|Any CPU
		{687CF31A-0000-0000-0000-000000000000}.Release|x64.ActiveCfg = Release|x64
		{687CF31A-0000-0000-0000-000000000000}.Release|x64.Build.0 = Release|x64
		{8AC0B552-0000-0000-0000-000000000000}.Debug|x86.ActiveCfg = Debug|x86
		{8AC0B552-0000-0000-0000-000000000000}.Debug|x86.Build.0 = Debug|x86
		{8AC0B552-0000-0000-0000-000000000000}.Debug|Any CPU.ActiveCfg = Debug|Any CPU
		{8AC0B552-0000-0000-0000-000000000000}.Debug|Any CPU.Build.0 = Debug|Any CPU
		{8AC0B552-0000-0000-0000-000000000000}.Debug|x64.ActiveCfg = Debug|x64
		{8AC0B552-0000-0000-0000-000000000000}.Debug|x64.Build.0 = Debug|x64
		{8AC0B552-0000-0000-0000-000000000000}.Release|x86.ActiveCfg = Release|x86
		{8AC0B552-0000-0000-0000-000000000000}.Release|x86.Build.0 = Release|x86
		{8AC0B552-0000-0000-0000-000000000000}.Release|Any CPU.ActiveCfg = Release|Any CPU
		{8AC0B552-0000-0000-0000-000000000000}.Release|Any CPU.Build.0 = Release|Any CPU
		{8AC0B552-0000-0000-0000-000000000000}.Release|x64.ActiveCfg = Release|x64
		{8AC0B552-0000-0000-0000-000000000000}.Release|x64.Build.0 = Release|x64
		{06E01FDD-0000-0000-0000-000000000000}.Debug|x86.ActiveCfg = Debug|x86
		{06E01FDD-0000-0000-0000-000000000000}.Debug|x86.Build.0 = Debug|x86
		{06E01FDD-0000-0000-0000-000000000000}.Debug|Any CPU.ActiveCfg = Debug|Any CPU
		{06E01FDD-0000-0000-0000-000000000000}.Debug|Any CPU.Build.0 = Debug|Any CPU
		{06E01FDD-0000-0000-0000-000000000000}.Debug|x64.ActiveCfg = Debug|x64
		{06E01FDD-0000-0000-0000-000000000000}.Debug|x64.Build.0 = Debug|x64
		{06E01FDD-0000-0000-0000-000000000000}.Release|x86.ActiveCfg = Release|x86
		{06E01FDD-0000-0000-0000-000000000000}.Release|x86.Build.0 = Release|x86
		{06E01FDD-0000-0000-0000-000000000000}.Release|Any CPU.ActiveCfg = Release|Any CPU
		{06E01FDD-0000-0000-0000-000000000000}.Release|Any CPU.Build.0 = Release|Any CPU
		{06E01FDD-0000-0000-0000-000000000000}.Release|x64.ActiveCfg = Release|x64
		{06E01FDD-0000-0000-0000-000000000000}.Release|x64.Build.0 = Release|x64
	EndGlobalSection
EndGlobal
